
Microsoft Visual Studio Solution File, Format Version 12.00
# Visual Studio 15
VisualStudioVersion = 15.0.28307.1082
MinimumVisualStudioVersion = 10.0.40219.1
Project("{8BC9CEB8-8B4A-11D0-8D11-00A0C91BC942}") = "UML", "UML\UML.vcxproj", "{FB97713E-6021-4C3A-B459-BBA86728293E}"
EndProject
Project("{8BC9CEB8-8B4A-11D0-8D11-00A0C91BC942}") = "Car", "Car\Car.vcxproj", "{B3E42EBC-FBC8-4C99-B787-2E27AE534771}"
EndProject
Global
	GlobalSection(SolutionConfigurationPlatforms) = preSolution
		Debug|x64 = Debug|x64
		Debug|x86 = Debug|x86
		Release|x64 = Release|x64
		Release|x86 = Release|x86
	EndGlobalSection
	GlobalSection(ProjectConfigurationPlatforms) = postSolution
		{FB97713E-6021-4C3A-B459-BBA86728293E}.Debug|x64.ActiveCfg = Debug|x64
		{FB97713E-6021-4C3A-B459-BBA86728293E}.Debug|x64.Build.0 = Debug|x64
		{FB97713E-6021-4C3A-B459-BBA86728293E}.Debug|x86.ActiveCfg = Debug|Win32
		{FB97713E-6021-4C3A-B459-BBA86728293E}.Debug|x86.Build.0 = Debug|Win32
		{FB97713E-6021-4C3A-B459-BBA86728293E}.Release|x64.ActiveCfg = Release|x64
		{FB97713E-6021-4C3A-B459-BBA86728293E}.Release|x64.Build.0 = Release|x64
		{FB97713E-6021-4C3A-B459-BBA86728293E}.Release|x86.ActiveCfg = Release|Win32
		{FB97713E-6021-4C3A-B459-BBA86728293E}.Release|x86.Build.0 = Release|Win32
		{B3E42EBC-FBC8-4C99-B787-2E27AE534771}.Debug|x64.ActiveCfg = Debug|x64
		{B3E42EBC-FBC8-4C99-B787-2E27AE534771}.Debug|x64.Build.0 = Debug|x64
		{B3E42EBC-FBC8-4C99-B787-2E27AE534771}.Debug|x86.ActiveCfg = Debug|Win32
		{B3E42EBC-FBC8-4C99-B787-2E27AE534771}.Debug|x86.Build.0 = Debug|Win32
		{B3E42EBC-FBC8-4C99-B787-2E27AE534771}.Release|x64.ActiveCfg = Release|x64
		{B3E42EBC-FBC8-4C99-B787-2E27AE534771}.Release|x64.Build.0 = Release|x64
		{B3E42EBC-FBC8-4C99-B787-2E27AE534771}.Release|x86.ActiveCfg = Release|Win32
		{B3E42EBC-FBC8-4C99-B787-2E27AE534771}.Release|x86.Build.0 = Release|Win32
	EndGlobalSection
	GlobalSection(SolutionProperties) = preSolution
		HideSolutionNode = FALSE
	EndGlobalSection
	GlobalSection(ExtensibilityGlobals) = postSolution
		SolutionGuid = {BCB77794-B093-4ACF-803A-6FE0AB4CF526}
	EndGlobalSection
EndGlobal
