
Microsoft Visual Studio Solution File, Format Version 12.00
# Visual Studio 15
VisualStudioVersion = 15.0.28307.1500
MinimumVisualStudioVersion = 10.0.40219.1
Project("{8BC9CEB8-8B4A-11D0-8D11-00A0C91BC942}") = "Inheritance", "Inheritance\Inheritance.vcxproj", "{2DA9A8D3-D3AC-4D9A-8F02-C420D59CBDC0}"
EndProject
Project("{8BC9CEB8-8B4A-11D0-8D11-00A0C91BC942}") = "Academy", "Academy\Academy.vcxproj", "{5E26B5C0-0AEC-4232-8299-BFF2ADCDE54F}"
EndProject
Project("{8BC9CEB8-8B4A-11D0-8D11-00A0C91BC942}") = "Abstract", "Abstract\Abstract.vcxproj", "{B5EA0747-A1F0-422F-8123-B8BEFDFDA4C0}"
EndProject
Project("{8BC9CEB8-8B4A-11D0-8D11-00A0C91BC942}") = "TheZoo", "TheZoo\TheZoo.vcxproj", "{37447806-211B-447E-BB9C-D2FF16A225E0}"
EndProject
Project("{8BC9CEB8-8B4A-11D0-8D11-00A0C91BC942}") = "Geometry", "Geometry\Geometry.vcxproj", "{4465175C-B3F9-4114-9402-D167E43EE8E4}"
EndProject
Global
	GlobalSection(SolutionConfigurationPlatforms) = preSolution
		Debug|x64 = Debug|x64
		Debug|x86 = Debug|x86
		Release|x64 = Release|x64
		Release|x86 = Release|x86
	EndGlobalSection
	GlobalSection(ProjectConfigurationPlatforms) = postSolution
		{2DA9A8D3-D3AC-4D9A-8F02-C420D59CBDC0}.Debug|x64.ActiveCfg = Debug|x64
		{2DA9A8D3-D3AC-4D9A-8F02-C420D59CBDC0}.Debug|x64.Build.0 = Debug|x64
		{2DA9A8D3-D3AC-4D9A-8F02-C420D59CBDC0}.Debug|x86.ActiveCfg = Debug|Win32
		{2DA9A8D3-D3AC-4D9A-8F02-C420D59CBDC0}.Debug|x86.Build.0 = Debug|Win32
		{2DA9A8D3-D3AC-4D9A-8F02-C420D59CBDC0}.Release|x64.ActiveCfg = Release|x64
		{2DA9A8D3-D3AC-4D9A-8F02-C420D59CBDC0}.Release|x64.Build.0 = Release|x64
		{2DA9A8D3-D3AC-4D9A-8F02-C420D59CBDC0}.Release|x86.ActiveCfg = Release|Win32
		{2DA9A8D3-D3AC-4D9A-8F02-C420D59CBDC0}.Release|x86.Build.0 = Release|Win32
		{5E26B5C0-0AEC-4232-8299-BFF2ADCDE54F}.Debug|x64.ActiveCfg = Debug|x64
		{5E26B5C0-0AEC-4232-8299-BFF2ADCDE54F}.Debug|x64.Build.0 = Debug|x64
		{5E26B5C0-0AEC-4232-8299-BFF2ADCDE54F}.Debug|x86.ActiveCfg = Debug|Win32
		{5E26B5C0-0AEC-4232-8299-BFF2ADCDE54F}.Debug|x86.Build.0 = Debug|Win32
		{5E26B5C0-0AEC-4232-8299-BFF2ADCDE54F}.Release|x64.ActiveCfg = Release|x64
		{5E26B5C0-0AEC-4232-8299-BFF2ADCDE54F}.Release|x64.Build.0 = Release|x64
		{5E26B5C0-0AEC-4232-8299-BFF2ADCDE54F}.Release|x86.ActiveCfg = Release|Win32
		{5E26B5C0-0AEC-4232-8299-BFF2ADCDE54F}.Release|x86.Build.0 = Release|Win32
		{B5EA0747-A1F0-422F-8123-B8BEFDFDA4C0}.Debug|x64.ActiveCfg = Debug|x64
		{B5EA0747-A1F0-422F-8123-B8BEFDFDA4C0}.Debug|x64.Build.0 = Debug|x64
		{B5EA0747-A1F0-422F-8123-B8BEFDFDA4C0}.Debug|x86.ActiveCfg = Debug|Win32
		{B5EA0747-A1F0-422F-8123-B8BEFDFDA4C0}.Debug|x86.Build.0 = Debug|Win32
		{B5EA0747-A1F0-422F-8123-B8BEFDFDA4C0}.Release|x64.ActiveCfg = Release|x64
		{B5EA0747-A1F0-422F-8123-B8BEFDFDA4C0}.Release|x64.Build.0 = Release|x64
		{B5EA0747-A1F0-422F-8123-B8BEFDFDA4C0}.Release|x86.ActiveCfg = Release|Win32
		{B5EA0747-A1F0-422F-8123-B8BEFDFDA4C0}.Release|x86.Build.0 = Release|Win32
		{37447806-211B-447E-BB9C-D2FF16A225E0}.Debug|x64.ActiveCfg = Debug|x64
		{37447806-211B-447E-BB9C-D2FF16A225E0}.Debug|x64.Build.0 = Debug|x64
		{37447806-211B-447E-BB9C-D2FF16A225E0}.Debug|x86.ActiveCfg = Debug|Win32
		{37447806-211B-447E-BB9C-D2FF16A225E0}.Debug|x86.Build.0 = Debug|Win32
		{37447806-211B-447E-BB9C-D2FF16A225E0}.Release|x64.ActiveCfg = Release|x64
		{37447806-211B-447E-BB9C-D2FF16A225E0}.Release|x64.Build.0 = Release|x64
		{37447806-211B-447E-BB9C-D2FF16A225E0}.Release|x86.ActiveCfg = Release|Win32
		{37447806-211B-447E-BB9C-D2FF16A225E0}.Release|x86.Build.0 = Release|Win32
		{4465175C-B3F9-4114-9402-D167E43EE8E4}.Debug|x64.ActiveCfg = Debug|x64
		{4465175C-B3F9-4114-9402-D167E43EE8E4}.Debug|x64.Build.0 = Debug|x64
		{4465175C-B3F9-4114-9402-D167E43EE8E4}.Debug|x86.ActiveCfg = Debug|Win32
		{4465175C-B3F9-4114-9402-D167E43EE8E4}.Debug|x86.Build.0 = Debug|Win32
		{4465175C-B3F9-4114-9402-D167E43EE8E4}.Release|x64.ActiveCfg = Release|x64
		{4465175C-B3F9-4114-9402-D167E43EE8E4}.Release|x64.Build.0 = Release|x64
		{4465175C-B3F9-4114-9402-D167E43EE8E4}.Release|x86.ActiveCfg = Release|Win32
		{4465175C-B3F9-4114-9402-D167E43EE8E4}.Release|x86.Build.0 = Release|Win32
	EndGlobalSection
	GlobalSection(SolutionProperties) = preSolution
		HideSolutionNode = FALSE
	EndGlobalSection
	GlobalSection(ExtensibilityGlobals) = postSolution
		SolutionGuid = {890036B7-3EDB-4AB1-9341-6264A60E916B}
	EndGlobalSection
EndGlobal
