
Microsoft Visual Studio Solution File, Format Version 12.00
# Visual Studio 15
VisualStudioVersion = 15.0.28307.1082
MinimumVisualStudioVersion = 10.0.40219.1
Project("{8BC9CEB8-8B4A-11D0-8D11-00A0C91BC942}") = "Intro", "Intro\Intro.vcxproj", "{3D8874F6-0DCD-4227-AD37-887C50A22D5F}"
EndProject
Project("{8BC9CEB8-8B4A-11D0-8D11-00A0C91BC942}") = "BMW", "BMW\BMW.vcxproj", "{71B55CBD-4409-416E-BC68-C9F454E89644}"
EndProject
Project("{8BC9CEB8-8B4A-11D0-8D11-00A0C91BC942}") = "Fraction", "Fraction\Fraction.vcxproj", "{304BAE3E-C56E-4644-9AC7-CF5FF18405A1}"
EndProject
Global
	GlobalSection(SolutionConfigurationPlatforms) = preSolution
		Debug|x64 = Debug|x64
		Debug|x86 = Debug|x86
		Release|x64 = Release|x64
		Release|x86 = Release|x86
	EndGlobalSection
	GlobalSection(ProjectConfigurationPlatforms) = postSolution
		{3D8874F6-0DCD-4227-AD37-887C50A22D5F}.Debug|x64.ActiveCfg = Debug|x64
		{3D8874F6-0DCD-4227-AD37-887C50A22D5F}.Debug|x64.Build.0 = Debug|x64
		{3D8874F6-0DCD-4227-AD37-887C50A22D5F}.Debug|x86.ActiveCfg = Debug|Win32
		{3D8874F6-0DCD-4227-AD37-887C50A22D5F}.Debug|x86.Build.0 = Debug|Win32
		{3D8874F6-0DCD-4227-AD37-887C50A22D5F}.Release|x64.ActiveCfg = Release|x64
		{3D8874F6-0DCD-4227-AD37-887C50A22D5F}.Release|x64.Build.0 = Release|x64
		{3D8874F6-0DCD-4227-AD37-887C50A22D5F}.Release|x86.ActiveCfg = Release|Win32
		{3D8874F6-0DCD-4227-AD37-887C50A22D5F}.Release|x86.Build.0 = Release|Win32
		{71B55CBD-4409-416E-BC68-C9F454E89644}.Debug|x64.ActiveCfg = Debug|x64
		{71B55CBD-4409-416E-BC68-C9F454E89644}.Debug|x64.Build.0 = Debug|x64
		{71B55CBD-4409-416E-BC68-C9F454E89644}.Debug|x86.ActiveCfg = Debug|Win32
		{71B55CBD-4409-416E-BC68-C9F454E89644}.Debug|x86.Build.0 = Debug|Win32
		{71B55CBD-4409-416E-BC68-C9F454E89644}.Release|x64.ActiveCfg = Release|x64
		{71B55CBD-4409-416E-BC68-C9F454E89644}.Release|x64.Build.0 = Release|x64
		{71B55CBD-4409-416E-BC68-C9F454E89644}.Release|x86.ActiveCfg = Release|Win32
		{71B55CBD-4409-416E-BC68-C9F454E89644}.Release|x86.Build.0 = Release|Win32
		{304BAE3E-C56E-4644-9AC7-CF5FF18405A1}.Debug|x64.ActiveCfg = Debug|x64
		{304BAE3E-C56E-4644-9AC7-CF5FF18405A1}.Debug|x64.Build.0 = Debug|x64
		{304BAE3E-C56E-4644-9AC7-CF5FF18405A1}.Debug|x86.ActiveCfg = Debug|Win32
		{304BAE3E-C56E-4644-9AC7-CF5FF18405A1}.Debug|x86.Build.0 = Debug|Win32
		{304BAE3E-C56E-4644-9AC7-CF5FF18405A1}.Release|x64.ActiveCfg = Release|x64
		{304BAE3E-C56E-4644-9AC7-CF5FF18405A1}.Release|x64.Build.0 = Release|x64
		{304BAE3E-C56E-4644-9AC7-CF5FF18405A1}.Release|x86.ActiveCfg = Release|Win32
		{304BAE3E-C56E-4644-9AC7-CF5FF18405A1}.Release|x86.Build.0 = Release|Win32
	EndGlobalSection
	GlobalSection(SolutionProperties) = preSolution
		HideSolutionNode = FALSE
	EndGlobalSection
	GlobalSection(ExtensibilityGlobals) = postSolution
		SolutionGuid = {FF298D6E-4E25-4647-900A-77748F408E98}
	EndGlobalSection
EndGlobal
