
Microsoft Visual Studio Solution File, Format Version 12.00
# Visual Studio 15
VisualStudioVersion = 15.0.28307.1082
MinimumVisualStudioVersion = 10.0.40219.1
Project("{8BC9CEB8-8B4A-11D0-8D11-00A0C91BC942}") = "STL", "STL\STL.vcxproj", "{2D1CCD13-9D2D-4F04-9159-6AD395F154CA}"
EndProject
Project("{8BC9CEB8-8B4A-11D0-8D11-00A0C91BC942}") = "Lists", "Lists\Lists.vcxproj", "{E1283C01-A039-4D1C-B6DB-3149604A6775}"
EndProject
Project("{8BC9CEB8-8B4A-11D0-8D11-00A0C91BC942}") = "AssociativeContainers", "AssociativeContainers\AssociativeContainers.vcxproj", "{A8E6430D-8A56-43C2-A576-66CFD9CCEBA0}"
EndProject
Project("{8BC9CEB8-8B4A-11D0-8D11-00A0C91BC942}") = "PoliceBase", "PoliceBase\PoliceBase.vcxproj", "{C45864CE-C245-4A0F-B930-0341A2567292}"
EndProject
Project("{8BC9CEB8-8B4A-11D0-8D11-00A0C91BC942}") = "Bogdan", "Bogdan\Bogdan.vcxproj", "{7E545476-4DCC-4742-AA7C-B1FE1ED67A8F}"
EndProject
Project("{8BC9CEB8-8B4A-11D0-8D11-00A0C91BC942}") = "Files", "Files\Files.vcxproj", "{D9C3A0CC-3D8B-4BD6-8E89-B852056F4603}"
EndProject
Project("{8BC9CEB8-8B4A-11D0-8D11-00A0C91BC942}") = "NetworkUtility", "NetworkUtility\NetworkUtility.vcxproj", "{A61092D5-1056-4C99-B12C-3451308AEF5D}"
EndProject
Project("{8BC9CEB8-8B4A-11D0-8D11-00A0C91BC942}") = "ElenaFiles", "ElenaFiles\ElenaFiles.vcxproj", "{3F42BB17-B10D-40C4-9986-23B8CBAE7B89}"
EndProject
Global
	GlobalSection(SolutionConfigurationPlatforms) = preSolution
		Debug|x64 = Debug|x64
		Debug|x86 = Debug|x86
		Release|x64 = Release|x64
		Release|x86 = Release|x86
	EndGlobalSection
	GlobalSection(ProjectConfigurationPlatforms) = postSolution
		{2D1CCD13-9D2D-4F04-9159-6AD395F154CA}.Debug|x64.ActiveCfg = Debug|x64
		{2D1CCD13-9D2D-4F04-9159-6AD395F154CA}.Debug|x64.Build.0 = Debug|x64
		{2D1CCD13-9D2D-4F04-9159-6AD395F154CA}.Debug|x86.ActiveCfg = Debug|Win32
		{2D1CCD13-9D2D-4F04-9159-6AD395F154CA}.Debug|x86.Build.0 = Debug|Win32
		{2D1CCD13-9D2D-4F04-9159-6AD395F154CA}.Release|x64.ActiveCfg = Release|x64
		{2D1CCD13-9D2D-4F04-9159-6AD395F154CA}.Release|x64.Build.0 = Release|x64
		{2D1CCD13-9D2D-4F04-9159-6AD395F154CA}.Release|x86.ActiveCfg = Release|Win32
		{2D1CCD13-9D2D-4F04-9159-6AD395F154CA}.Release|x86.Build.0 = Release|Win32
		{E1283C01-A039-4D1C-B6DB-3149604A6775}.Debug|x64.ActiveCfg = Debug|x64
		{E1283C01-A039-4D1C-B6DB-3149604A6775}.Debug|x64.Build.0 = Debug|x64
		{E1283C01-A039-4D1C-B6DB-3149604A6775}.Debug|x86.ActiveCfg = Debug|Win32
		{E1283C01-A039-4D1C-B6DB-3149604A6775}.Debug|x86.Build.0 = Debug|Win32
		{E1283C01-A039-4D1C-B6DB-3149604A6775}.Release|x64.ActiveCfg = Release|x64
		{E1283C01-A039-4D1C-B6DB-3149604A6775}.Release|x64.Build.0 = Release|x64
		{E1283C01-A039-4D1C-B6DB-3149604A6775}.Release|x86.ActiveCfg = Release|Win32
		{E1283C01-A039-4D1C-B6DB-3149604A6775}.Release|x86.Build.0 = Release|Win32
		{A8E6430D-8A56-43C2-A576-66CFD9CCEBA0}.Debug|x64.ActiveCfg = Debug|x64
		{A8E6430D-8A56-43C2-A576-66CFD9CCEBA0}.Debug|x64.Build.0 = Debug|x64
		{A8E6430D-8A56-43C2-A576-66CFD9CCEBA0}.Debug|x86.ActiveCfg = Debug|Win32
		{A8E6430D-8A56-43C2-A576-66CFD9CCEBA0}.Debug|x86.Build.0 = Debug|Win32
		{A8E6430D-8A56-43C2-A576-66CFD9CCEBA0}.Release|x64.ActiveCfg = Release|x64
		{A8E6430D-8A56-43C2-A576-66CFD9CCEBA0}.Release|x64.Build.0 = Release|x64
		{A8E6430D-8A56-43C2-A576-66CFD9CCEBA0}.Release|x86.ActiveCfg = Release|Win32
		{A8E6430D-8A56-43C2-A576-66CFD9CCEBA0}.Release|x86.Build.0 = Release|Win32
		{C45864CE-C245-4A0F-B930-0341A2567292}.Debug|x64.ActiveCfg = Debug|x64
		{C45864CE-C245-4A0F-B930-0341A2567292}.Debug|x64.Build.0 = Debug|x64
		{C45864CE-C245-4A0F-B930-0341A2567292}.Debug|x86.ActiveCfg = Debug|Win32
		{C45864CE-C245-4A0F-B930-0341A2567292}.Debug|x86.Build.0 = Debug|Win32
		{C45864CE-C245-4A0F-B930-0341A2567292}.Release|x64.ActiveCfg = Release|x64
		{C45864CE-C245-4A0F-B930-0341A2567292}.Release|x64.Build.0 = Release|x64
		{C45864CE-C245-4A0F-B930-0341A2567292}.Release|x86.ActiveCfg = Release|Win32
		{C45864CE-C245-4A0F-B930-0341A2567292}.Release|x86.Build.0 = Release|Win32
		{7E545476-4DCC-4742-AA7C-B1FE1ED67A8F}.Debug|x64.ActiveCfg = Debug|x64
		{7E545476-4DCC-4742-AA7C-B1FE1ED67A8F}.Debug|x64.Build.0 = Debug|x64
		{7E545476-4DCC-4742-AA7C-B1FE1ED67A8F}.Debug|x86.ActiveCfg = Debug|Win32
		{7E545476-4DCC-4742-AA7C-B1FE1ED67A8F}.Debug|x86.Build.0 = Debug|Win32
		{7E545476-4DCC-4742-AA7C-B1FE1ED67A8F}.Release|x64.ActiveCfg = Release|x64
		{7E545476-4DCC-4742-AA7C-B1FE1ED67A8F}.Release|x64.Build.0 = Release|x64
		{7E545476-4DCC-4742-AA7C-B1FE1ED67A8F}.Release|x86.ActiveCfg = Release|Win32
		{7E545476-4DCC-4742-AA7C-B1FE1ED67A8F}.Release|x86.Build.0 = Release|Win32
		{D9C3A0CC-3D8B-4BD6-8E89-B852056F4603}.Debug|x64.ActiveCfg = Debug|x64
		{D9C3A0CC-3D8B-4BD6-8E89-B852056F4603}.Debug|x64.Build.0 = Debug|x64
		{D9C3A0CC-3D8B-4BD6-8E89-B852056F4603}.Debug|x86.ActiveCfg = Debug|Win32
		{D9C3A0CC-3D8B-4BD6-8E89-B852056F4603}.Debug|x86.Build.0 = Debug|Win32
		{D9C3A0CC-3D8B-4BD6-8E89-B852056F4603}.Release|x64.ActiveCfg = Release|x64
		{D9C3A0CC-3D8B-4BD6-8E89-B852056F4603}.Release|x64.Build.0 = Release|x64
		{D9C3A0CC-3D8B-4BD6-8E89-B852056F4603}.Release|x86.ActiveCfg = Release|Win32
		{D9C3A0CC-3D8B-4BD6-8E89-B852056F4603}.Release|x86.Build.0 = Release|Win32
		{A61092D5-1056-4C99-B12C-3451308AEF5D}.Debug|x64.ActiveCfg = Debug|x64
		{A61092D5-1056-4C99-B12C-3451308AEF5D}.Debug|x64.Build.0 = Debug|x64
		{A61092D5-1056-4C99-B12C-3451308AEF5D}.Debug|x86.ActiveCfg = Debug|Win32
		{A61092D5-1056-4C99-B12C-3451308AEF5D}.Debug|x86.Build.0 = Debug|Win32
		{A61092D5-1056-4C99-B12C-3451308AEF5D}.Release|x64.ActiveCfg = Release|x64
		{A61092D5-1056-4C99-B12C-3451308AEF5D}.Release|x64.Build.0 = Release|x64
		{A61092D5-1056-4C99-B12C-3451308AEF5D}.Release|x86.ActiveCfg = Release|Win32
		{A61092D5-1056-4C99-B12C-3451308AEF5D}.Release|x86.Build.0 = Release|Win32
		{3F42BB17-B10D-40C4-9986-23B8CBAE7B89}.Debug|x64.ActiveCfg = Debug|x64
		{3F42BB17-B10D-40C4-9986-23B8CBAE7B89}.Debug|x64.Build.0 = Debug|x64
		{3F42BB17-B10D-40C4-9986-23B8CBAE7B89}.Debug|x86.ActiveCfg = Debug|Win32
		{3F42BB17-B10D-40C4-9986-23B8CBAE7B89}.Debug|x86.Build.0 = Debug|Win32
		{3F42BB17-B10D-40C4-9986-23B8CBAE7B89}.Release|x64.ActiveCfg = Release|x64
		{3F42BB17-B10D-40C4-9986-23B8CBAE7B89}.Release|x64.Build.0 = Release|x64
		{3F42BB17-B10D-40C4-9986-23B8CBAE7B89}.Release|x86.ActiveCfg = Release|Win32
		{3F42BB17-B10D-40C4-9986-23B8CBAE7B89}.Release|x86.Build.0 = Release|Win32
	EndGlobalSection
	GlobalSection(SolutionProperties) = preSolution
		HideSolutionNode = FALSE
	EndGlobalSection
	GlobalSection(ExtensibilityGlobals) = postSolution
		SolutionGuid = {96969F53-F62B-4F52-88E6-820532CD0890}
	EndGlobalSection
EndGlobal
