
Microsoft Visual Studio Solution File, Format Version 12.00
# Visual Studio 15
VisualStudioVersion = 15.0.28307.1082
MinimumVisualStudioVersion = 10.0.40219.1
Project("{8BC9CEB8-8B4A-11D0-8D11-00A0C91BC942}") = "STL", "STL\STL.vcxproj", "{2D1CCD13-9D2D-4F04-9159-6AD395F154CA}"
EndProject
Project("{8BC9CEB8-8B4A-11D0-8D11-00A0C91BC942}") = "Lists", "Lists\Lists.vcxproj", "{E1283C01-A039-4D1C-B6DB-3149604A6775}"
EndProject
Global
	GlobalSection(SolutionConfigurationPlatforms) = preSolution
		Debug|x64 = Debug|x64
		Debug|x86 = Debug|x86
		Release|x64 = Release|x64
		Release|x86 = Release|x86
	EndGlobalSection
	GlobalSection(ProjectConfigurationPlatforms) = postSolution
		{2D1CCD13-9D2D-4F04-9159-6AD395F154CA}.Debug|x64.ActiveCfg = Debug|x64
		{2D1CCD13-9D2D-4F04-9159-6AD395F154CA}.Debug|x64.Build.0 = Debug|x64
		{2D1CCD13-9D2D-4F04-9159-6AD395F154CA}.Debug|x86.ActiveCfg = Debug|Win32
		{2D1CCD13-9D2D-4F04-9159-6AD395F154CA}.Debug|x86.Build.0 = Debug|Win32
		{2D1CCD13-9D2D-4F04-9159-6AD395F154CA}.Release|x64.ActiveCfg = Release|x64
		{2D1CCD13-9D2D-4F04-9159-6AD395F154CA}.Release|x64.Build.0 = Release|x64
		{2D1CCD13-9D2D-4F04-9159-6AD395F154CA}.Release|x86.ActiveCfg = Release|Win32
		{2D1CCD13-9D2D-4F04-9159-6AD395F154CA}.Release|x86.Build.0 = Release|Win32
		{E1283C01-A039-4D1C-B6DB-3149604A6775}.Debug|x64.ActiveCfg = Debug|x64
		{E1283C01-A039-4D1C-B6DB-3149604A6775}.Debug|x64.Build.0 = Debug|x64
		{E1283C01-A039-4D1C-B6DB-3149604A6775}.Debug|x86.ActiveCfg = Debug|Win32
		{E1283C01-A039-4D1C-B6DB-3149604A6775}.Debug|x86.Build.0 = Debug|Win32
		{E1283C01-A039-4D1C-B6DB-3149604A6775}.Release|x64.ActiveCfg = Release|x64
		{E1283C01-A039-4D1C-B6DB-3149604A6775}.Release|x64.Build.0 = Release|x64
		{E1283C01-A039-4D1C-B6DB-3149604A6775}.Release|x86.ActiveCfg = Release|Win32
		{E1283C01-A039-4D1C-B6DB-3149604A6775}.Release|x86.Build.0 = Release|Win32
	EndGlobalSection
	GlobalSection(SolutionProperties) = preSolution
		HideSolutionNode = FALSE
	EndGlobalSection
	GlobalSection(ExtensibilityGlobals) = postSolution
		SolutionGuid = {96969F53-F62B-4F52-88E6-820532CD0890}
	EndGlobalSection
EndGlobal
